
Microsoft Visual Studio Solution File, Format Version 12.00
# Visual Studio 14
VisualStudioVersion = 14.0.25420.1
MinimumVisualStudioVersion = 10.0.40219.1
Project("{FAE04EC0-301F-11D3-BF4B-00C04F79EFBC}") = "Timer", "Timer\Timer.csproj", "{749BC646-E476-4E14-BA09-886CBCCEF8DA}"
EndProject
Project("{54435603-DBB4-11D2-8724-00A0C9A8B90C}") = "Installer", "Installer\Installer.vdproj", "{DC28205A-F584-4063-9EEC-2D2F027E0CB7}"
EndProject
Global
	GlobalSection(SolutionConfigurationPlatforms) = preSolution
		Debug|Any CPU = Debug|Any CPU
		Release|Any CPU = Release|Any CPU
	EndGlobalSection
	GlobalSection(ProjectConfigurationPlatforms) = postSolution
		{749BC646-E476-4E14-BA09-886CBCCEF8DA}.Debug|Any CPU.ActiveCfg = Debug|Any CPU
		{749BC646-E476-4E14-BA09-886CBCCEF8DA}.Debug|Any CPU.Build.0 = Debug|Any CPU
		{749BC646-E476-4E14-BA09-886CBCCEF8DA}.Release|Any CPU.ActiveCfg = Release|Any CPU
		{749BC646-E476-4E14-BA09-886CBCCEF8DA}.Release|Any CPU.Build.0 = Release|Any CPU
		{DC28205A-F584-4063-9EEC-2D2F027E0CB7}.Debug|Any CPU.ActiveCfg = Debug
		{DC28205A-F584-4063-9EEC-2D2F027E0CB7}.Release|Any CPU.ActiveCfg = Release
	EndGlobalSection
	GlobalSection(SolutionProperties) = preSolution
		HideSolutionNode = FALSE
	EndGlobalSection
EndGlobal
